
Microsoft Visual Studio Solution File, Format Version 12.00
# Visual Studio Version 16
VisualStudioVersion = 16.0.30225.117
MinimumVisualStudioVersion = 10.0.40219.1
Project("{9A19103F-16F7-4668-BE54-9A1E7A4F7556}") = "FiTCARD.Establishments.Web", "FiTCARD.Establishments.Web\FiTCARD.Establishments.Web.csproj", "{A4A13C16-A442-433E-B65F-1A3471EF3766}"
EndProject
Project("{9A19103F-16F7-4668-BE54-9A1E7A4F7556}") = "FiTCARD.Establishments.Service", "FiTCARD.Establishments.Service\FiTCARD.Establishments.Service.csproj", "{C4F8F7CA-D05A-41AE-90EB-672D0753636E}"
EndProject
Project("{9A19103F-16F7-4668-BE54-9A1E7A4F7556}") = "FiTCARD.Establishments.Repository", "FiTCARD.Establishments.Repository\FiTCARD.Establishments.Repository.csproj", "{415E5703-EDEF-4854-B994-C0D7B72E2C44}"
EndProject
Project("{9A19103F-16F7-4668-BE54-9A1E7A4F7556}") = "FiTCARD.Establishments.Model", "FiTCARD.Establishments.Model\FiTCARD.Establishments.Model.csproj", "{4A6F54D9-9E44-4F0D-829E-6D2664A45360}"
EndProject
Project("{9A19103F-16F7-4668-BE54-9A1E7A4F7556}") = "FiTCARD.Establishments.Test", "FiTCARD.Establishments.Test\FiTCARD.Establishments.Test.csproj", "{21219268-B374-4209-A049-5E0CFD59CCF1}"
EndProject
Project("{2150E333-8FDC-42A3-9474-1A3956D46DE8}") = "Application", "Application", "{E28B1E7E-44FD-4770-95A8-E29A7C02C9AC}"
EndProject
Project("{2150E333-8FDC-42A3-9474-1A3956D46DE8}") = "Domain", "Domain", "{187C49BD-7477-4F82-9E56-0BDF5A9557DD}"
EndProject
Project("{2150E333-8FDC-42A3-9474-1A3956D46DE8}") = "Service", "Service", "{9D3FB012-0ED7-4ADB-B131-01CD36772936}"
EndProject
Project("{2150E333-8FDC-42A3-9474-1A3956D46DE8}") = "Infra", "Infra", "{E660D455-9B38-4469-A8FC-FC6A137B8607}"
EndProject
Project("{2150E333-8FDC-42A3-9474-1A3956D46DE8}") = "Test", "Test", "{8CE50CB7-92C7-4419-8636-B015F623FA29}"
EndProject
Global
	GlobalSection(SolutionConfigurationPlatforms) = preSolution
		Debug|Any CPU = Debug|Any CPU
		Release|Any CPU = Release|Any CPU
	EndGlobalSection
	GlobalSection(ProjectConfigurationPlatforms) = postSolution
		{A4A13C16-A442-433E-B65F-1A3471EF3766}.Debug|Any CPU.ActiveCfg = Debug|Any CPU
		{A4A13C16-A442-433E-B65F-1A3471EF3766}.Debug|Any CPU.Build.0 = Debug|Any CPU
		{A4A13C16-A442-433E-B65F-1A3471EF3766}.Release|Any CPU.ActiveCfg = Release|Any CPU
		{A4A13C16-A442-433E-B65F-1A3471EF3766}.Release|Any CPU.Build.0 = Release|Any CPU
		{C4F8F7CA-D05A-41AE-90EB-672D0753636E}.Debug|Any CPU.ActiveCfg = Debug|Any CPU
		{C4F8F7CA-D05A-41AE-90EB-672D0753636E}.Debug|Any CPU.Build.0 = Debug|Any CPU
		{C4F8F7CA-D05A-41AE-90EB-672D0753636E}.Release|Any CPU.ActiveCfg = Release|Any CPU
		{C4F8F7CA-D05A-41AE-90EB-672D0753636E}.Release|Any CPU.Build.0 = Release|Any CPU
		{415E5703-EDEF-4854-B994-C0D7B72E2C44}.Debug|Any CPU.ActiveCfg = Debug|Any CPU
		{415E5703-EDEF-4854-B994-C0D7B72E2C44}.Debug|Any CPU.Build.0 = Debug|Any CPU
		{415E5703-EDEF-4854-B994-C0D7B72E2C44}.Release|Any CPU.ActiveCfg = Release|Any CPU
		{415E5703-EDEF-4854-B994-C0D7B72E2C44}.Release|Any CPU.Build.0 = Release|Any CPU
		{4A6F54D9-9E44-4F0D-829E-6D2664A45360}.Debug|Any CPU.ActiveCfg = Debug|Any CPU
		{4A6F54D9-9E44-4F0D-829E-6D2664A45360}.Debug|Any CPU.Build.0 = Debug|Any CPU
		{4A6F54D9-9E44-4F0D-829E-6D2664A45360}.Release|Any CPU.ActiveCfg = Release|Any CPU
		{4A6F54D9-9E44-4F0D-829E-6D2664A45360}.Release|Any CPU.Build.0 = Release|Any CPU
		{21219268-B374-4209-A049-5E0CFD59CCF1}.Debug|Any CPU.ActiveCfg = Debug|Any CPU
		{21219268-B374-4209-A049-5E0CFD59CCF1}.Debug|Any CPU.Build.0 = Debug|Any CPU
		{21219268-B374-4209-A049-5E0CFD59CCF1}.Release|Any CPU.ActiveCfg = Release|Any CPU
		{21219268-B374-4209-A049-5E0CFD59CCF1}.Release|Any CPU.Build.0 = Release|Any CPU
	EndGlobalSection
	GlobalSection(SolutionProperties) = preSolution
		HideSolutionNode = FALSE
	EndGlobalSection
	GlobalSection(NestedProjects) = preSolution
		{A4A13C16-A442-433E-B65F-1A3471EF3766} = {E28B1E7E-44FD-4770-95A8-E29A7C02C9AC}
		{C4F8F7CA-D05A-41AE-90EB-672D0753636E} = {9D3FB012-0ED7-4ADB-B131-01CD36772936}
		{415E5703-EDEF-4854-B994-C0D7B72E2C44} = {E660D455-9B38-4469-A8FC-FC6A137B8607}
		{4A6F54D9-9E44-4F0D-829E-6D2664A45360} = {187C49BD-7477-4F82-9E56-0BDF5A9557DD}
		{21219268-B374-4209-A049-5E0CFD59CCF1} = {8CE50CB7-92C7-4419-8636-B015F623FA29}
	EndGlobalSection
	GlobalSection(ExtensibilityGlobals) = postSolution
		SolutionGuid = {F5AC7F7C-D519-4D20-B8F1-C368E2F611B0}
	EndGlobalSection
EndGlobal
